{
  "name": "adc-mcp-3xxx",
  "version": "0.0.1",
  "lockfileVersion": 1,
  "requires": true,
  "dependencies": {
    "bindings": {
      "version": "1.5.0",
      "resolved": "https://registry.npmjs.org/bindings/-/bindings-1.5.0.tgz",
      "integrity": "sha512-p2q/t/mhvuOj/UeLlV6566GD/guowlr0hHxClI0W9m7MWYkL1F0hLo+0Aexs9HSPCtR1SXQ0TD3MMKrXZajbiQ==",
      "requires": {
        "file-uri-to-path": "1.0.0"
      }
    },
    "file-uri-to-path": {
      "version": "1.0.0",
      "resolved": "https://registry.npmjs.org/file-uri-to-path/-/file-uri-to-path-1.0.0.tgz",
      "integrity": "sha512-0Zt+s3L7Vf1biwWZ29aARiVYLx7iMGnEUl9x33fbB/j3jR81u/O2LbqK+Bm1CDSNDKVtJ/YjwY7TUd5SkeLQLw=="
    },
    "fs": {
      "version": "0.0.1-security",
      "resolved": "https://registry.npmjs.org/fs/-/fs-0.0.1-security.tgz",
      "integrity": "sha1-invTcYa23d84E/I4WLV+yq9eQdQ="
    },
    "i2c-bus": {
      "version": "5.1.0",
      "resolved": "https://registry.npmjs.org/i2c-bus/-/i2c-bus-5.1.0.tgz",
      "integrity": "sha512-u/q1fuZ5xrG77y3uo1rAANycboXsRNjneN+6jXRNMT2yRNpanVkbAP+IArwgsPRCHaY/zKxw7x5G8Y2fSPNseA==",
      "requires": {
        "bindings": "^1.5.0",
        "nan": "^2.14.0"
      }
    },
    "inherits": {
      "version": "2.0.3",
      "resolved": "https://registry.npmjs.org/inherits/-/inherits-2.0.3.tgz",
      "integrity": "sha1-Yzwsg+PaQqUC9SRmAiSA9CCCYd4="
    },
    "lodash.clone": {
      "version": "4.5.0",
      "resolved": "https://registry.npmjs.org/lodash.clone/-/lodash.clone-4.5.0.tgz",
      "integrity": "sha1-GVhwRQ9aExkkeN9Lw9I9LeoZB7Y="
    },
    "mcp-spi-adc": {
      "version": "2.0.6",
      "resolved": "https://registry.npmjs.org/mcp-spi-adc/-/mcp-spi-adc-2.0.6.tgz",
      "integrity": "sha512-aXeeEeOwVJRO6jiJ4pGmeqxrrRv2ijyJm5NbfB8wAJrrUDMkqvCKDuLjIDVSItQVFgUT74PfMQlMwsWAqw78Nw==",
      "requires": {
        "lodash.clone": "^4.5.0",
        "spi-device": "^2.0.8"
      }
    },
    "moment": {
      "version": "2.24.0",
      "resolved": "https://registry.npmjs.org/moment/-/moment-2.24.0.tgz",
      "integrity": "sha512-bV7f+6l2QigeBBZSM/6yTNq4P2fNpSWj/0e7jQcy87A8e7o2nAfP/34/2ky5Vw4B9S446EtIhodAzkFCcR4dQg=="
    },
    "nan": {
      "version": "2.14.0",
      "resolved": "https://registry.npmjs.org/nan/-/nan-2.14.0.tgz",
      "integrity": "sha512-INOFj37C7k3AfaNTtX8RhsTw7qRy7eLET14cROi9+5HAVbbHuIWUHEauBv5qT4Av2tWasiTY1Jw6puUNqRJXQg=="
    },
    "node-addon-api": {
      "version": "1.7.1",
      "resolved": "https://registry.npmjs.org/node-addon-api/-/node-addon-api-1.7.1.tgz",
      "integrity": "sha512-2+DuKodWvwRTrCfKOeR24KIc5unKjOh8mz17NCzVnHWfjAdDqbfbjqh7gUT+BkXBRQM52+xCHciKWonJ3CbJMQ=="
    },
    "node-dht-sensor": {
      "version": "0.4.1",
      "resolved": "https://registry.npmjs.org/node-dht-sensor/-/node-dht-sensor-0.4.1.tgz",
      "integrity": "sha512-sSKHTBBMWijHih+YVWMYo+XkdJK6UmzjBygWQtMlWqyi0Fj4avRZ3/5mevxuDJSRMJ/AroszuEREe5LDn0SF9A==",
      "requires": {
        "node-addon-api": "^1.6.3"
      }
    },
    "oled-font-5x7": {
      "version": "1.0.3",
      "resolved": "https://registry.npmjs.org/oled-font-5x7/-/oled-font-5x7-1.0.3.tgz",
      "integrity": "sha512-l25WvKft8CgXYxtaqKdYrAS1P91rnUUUIiOXojAOvjNCsfFzIl1aEsE2JuaRgMh1Euo7slm5lX0w+1qNkL8PpQ=="
    },
    "oled-i2c-bus": {
      "version": "1.0.11",
      "resolved": "https://registry.npmjs.org/oled-i2c-bus/-/oled-i2c-bus-1.0.11.tgz",
      "integrity": "sha512-R9DidWRRjLP7sQn5Lt1CTwsBFjkMskTUkZAFiowH7yIuNuxbtQmv2P/TfgJiHb2KwuS44wjd58Nn00no5Epx1Q=="
    },
    "path": {
      "version": "0.12.7",
      "resolved": "https://registry.npmjs.org/path/-/path-0.12.7.tgz",
      "integrity": "sha1-1NwqUGxM4hl+tIHr/NWzbAFAsQ8=",
      "requires": {
        "process": "^0.11.1",
        "util": "^0.10.3"
      }
    },
    "process": {
      "version": "0.11.10",
      "resolved": "https://registry.npmjs.org/process/-/process-0.11.10.tgz",
      "integrity": "sha1-czIwDoQBYb2j5podHZGn1LwW8YI="
    },
    "spi-device": {
      "version": "2.0.8",
      "resolved": "https://registry.npmjs.org/spi-device/-/spi-device-2.0.8.tgz",
      "integrity": "sha512-VrIdxqUvlnFT+cGYF1ljVauEqyacB/m9uIN3PWRtw4ykfRtl4Ob+lJk0exxkuCWTlvg2SNZeVqHiuMiypfKfZg==",
      "requires": {
        "bindings": "^1.5.0",
        "nan": "^2.14.0"
      }
    },
    "tail": {
      "version": "2.0.3",
      "resolved": "https://registry.npmjs.org/tail/-/tail-2.0.3.tgz",
      "integrity": "sha512-s9NOGkLqqiDEtBttQZI7acLS8ycYK5sTlDwNjGnpXG9c8AWj0cfAtwEIzo/hVRMMiC5EYz+bXaJWC1u1u0GPpQ=="
    },
    "util": {
      "version": "0.10.4",
      "resolved": "https://registry.npmjs.org/util/-/util-0.10.4.tgz",
      "integrity": "sha512-0Pm9hTQ3se5ll1XihRic3FDIku70C+iHUdT/W926rSgHV5QgXsYbKZN8MSC3tJtSkhuROzvsQjAaFENRXr+19A==",
      "requires": {
        "inherits": "2.0.3"
      }
    }
  }
}
